// !$*UTF8*$!
{
	archiveVersion = 1;
	classes = {
	};
	objectVersion = 46;
	objects = {

/* Begin PBXBuildFile section */
		B20525AD1F3E024600BCB9CF /* AppDelegate.swift in Sources */ = {isa = PBXBuildFile; fileRef = B20525AC1F3E024600BCB9CF /* AppDelegate.swift */; };
		B20525AF1F3E024600BCB9CF /* ViewController.swift in Sources */ = {isa = PBXBuildFile; fileRef = B20525AE1F3E024600BCB9CF /* ViewController.swift */; };
		B20525B21F3E024600BCB9CF /* Main.storyboard in Resources */ = {isa = PBXBuildFile; fileRef = B20525B01F3E024600BCB9CF /* Main.storyboard */; };
		B20525B41F3E024600BCB9CF /* Assets.xcassets in Resources */ = {isa = PBXBuildFile; fileRef = B20525B31F3E024600BCB9CF /* Assets.xcassets */; };
		B20525B71F3E024600BCB9CF /* LaunchScreen.storyboard in Resources */ = {isa = PBXBuildFile; fileRef = B20525B51F3E024600BCB9CF /* LaunchScreen.storyboard */; };
		B20525C21F3E024600BCB9CF /* MobilePollTests.swift in Sources */ = {isa = PBXBuildFile; fileRef = B20525C11F3E024600BCB9CF /* MobilePollTests.swift */; };
		B20525CD1F3E024600BCB9CF /* MobilePollUITests.swift in Sources */ = {isa = PBXBuildFile; fileRef = B20525CC1F3E024600BCB9CF /* MobilePollUITests.swift */; };
/* End PBXBuildFile section */

/* Begin PBXContainerItemProxy section */
		B20525BE1F3E024600BCB9CF /* PBXContainerItemProxy */ = {
			isa = PBXContainerItemProxy;
			containerPortal = B20525A11F3E024600BCB9CF /* Project object */;
			proxyType = 1;
			remoteGlobalIDString = B20525A81F3E024600BCB9CF;
			remoteInfo = MobilePoll;
		};
		B20525C91F3E024600BCB9CF /* PBXContainerItemProxy */ = {
			isa = PBXContainerItemProxy;
			containerPortal = B20525A11F3E024600BCB9CF /* Project object */;
			proxyType = 1;
			remoteGlobalIDString = B20525A81F3E024600BCB9CF;
			remoteInfo = MobilePoll;
		};
/* End PBXContainerItemProxy section */

/* Begin PBXFileReference section */
		B20525A91F3E024600BCB9CF /* MobilePoll.app */ = {isa = PBXFileReference; explicitFileType = wrapper.application; includeInIndex = 0; path = MobilePoll.app; sourceTree = BUILT_PRODUCTS_DIR; };
		B20525AC1F3E024600BCB9CF /* AppDelegate.swift */ = {isa = PBXFileReference; lastKnownFileType = sourcecode.swift; path = AppDelegate.swift; sourceTree = "<group>"; };
		B20525AE1F3E024600BCB9CF /* ViewController.swift */ = {isa = PBXFileReference; lastKnownFileType = sourcecode.swift; path = ViewController.swift; sourceTree = "<group>"; };
		B20525B11F3E024600BCB9CF /* Base */ = {isa = PBXFileReference; lastKnownFileType = file.storyboard; name = Base; path = Base.lproj/Main.storyboard; sourceTree = "<group>"; };
		B20525B31F3E024600BCB9CF /* Assets.xcassets */ = {isa = PBXFileReference; lastKnownFileType = folder.assetcatalog; path = Assets.xcassets; sourceTree = "<group>"; };
		B20525B61F3E024600BCB9CF /* Base */ = {isa = PBXFileReference; lastKnownFileType = file.storyboard; name = Base; path = Base.lproj/LaunchScreen.storyboard; sourceTree = "<group>"; };
		B20525B81F3E024600BCB9CF /* Info.plist */ = {isa = PBXFileReference; lastKnownFileType = text.plist.xml; path = Info.plist; sourceTree = "<group>"; };
		B20525BD1F3E024600BCB9CF /* MobilePollTests.xctest */ = {isa = PBXFileReference; explicitFileType = wrapper.cfbundle; includeInIndex = 0; path = MobilePollTests.xctest; sourceTree = BUILT_PRODUCTS_DIR; };
		B20525C11F3E024600BCB9CF /* MobilePollTests.swift */ = {isa = PBXFileReference; lastKnownFileType = sourcecode.swift; path = MobilePollTests.swift; sourceTree = "<group>"; };
		B20525C31F3E024600BCB9CF /* Info.plist */ = {isa = PBXFileReference; lastKnownFileType = text.plist.xml; path = Info.plist; sourceTree = "<group>"; };
		B20525C81F3E024600BCB9CF /* MobilePollUITests.xctest */ = {isa = PBXFileReference; explicitFileType = wrapper.cfbundle; includeInIndex = 0; path = MobilePollUITests.xctest; sourceTree = BUILT_PRODUCTS_DIR; };
		B20525CC1F3E024600BCB9CF /* MobilePollUITests.swift */ = {isa = PBXFileReference; lastKnownFileType = sourcecode.swift; path = MobilePollUITests.swift; sourceTree = "<group>"; };
		B20525CE1F3E024600BCB9CF /* Info.plist */ = {isa = PBXFileReference; lastKnownFileType = text.plist.xml; path = Info.plist; sourceTree = "<group>"; };
/* End PBXFileReference section */

/* Begin PBXFrameworksBuildPhase section */
		B20525A61F3E024600BCB9CF /* Frameworks */ = {
			isa = PBXFrameworksBuildPhase;
			buildActionMask = 2147483647;
			files = (
			);
			runOnlyForDeploymentPostprocessing = 0;
		};
		B20525BA1F3E024600BCB9CF /* Frameworks */ = {
			isa = PBXFrameworksBuildPhase;
			buildActionMask = 2147483647;
			files = (
			);
			runOnlyForDeploymentPostprocessing = 0;
		};
		B20525C51F3E024600BCB9CF /* Frameworks */ = {
			isa = PBXFrameworksBuildPhase;
			buildActionMask = 2147483647;
			files = (
			);
			runOnlyForDeploymentPostprocessing = 0;
		};
/* End PBXFrameworksBuildPhase section */

/* Begin PBXGroup section */
		B20525A01F3E024600BCB9CF = {
			isa = PBXGroup;
			children = (
				B20525AB1F3E024600BCB9CF /* MobilePoll */,
				B20525C01F3E024600BCB9CF /* MobilePollTests */,
				B20525CB1F3E024600BCB9CF /* MobilePollUITests */,
				B20525AA1F3E024600BCB9CF /* Products */,
			);
			sourceTree = "<group>";
		};
		B20525AA1F3E024600BCB9CF /* Products */ = {
			isa = PBXGroup;
			children = (
				B20525A91F3E024600BCB9CF /* MobilePoll.app */,
				B20525BD1F3E024600BCB9CF /* MobilePollTests.xctest */,
				B20525C81F3E024600BCB9CF /* MobilePollUITests.xctest */,
			);
			name = Products;
			sourceTree = "<group>";
		};
		B20525AB1F3E024600BCB9CF /* MobilePoll */ = {
			isa = PBXGroup;
			children = (
				B20525AC1F3E024600BCB9CF /* AppDelegate.swift */,
				B20525AE1F3E024600BCB9CF /* ViewController.swift */,
				B20525B01F3E024600BCB9CF /* Main.storyboard */,
				B20525B31F3E024600BCB9CF /* Assets.xcassets */,
				B20525B51F3E024600BCB9CF /* LaunchScreen.storyboard */,
				B20525B81F3E024600BCB9CF /* Info.plist */,
			);
			path = MobilePoll;
			sourceTree = "<group>";
		};
		B20525C01F3E024600BCB9CF /* MobilePollTests */ = {
			isa = PBXGroup;
			children = (
				B20525C11F3E024600BCB9CF /* MobilePollTests.swift */,
				B20525C31F3E024600BCB9CF /* Info.plist */,
			);
			path = MobilePollTests;
			sourceTree = "<group>";
		};
		B20525CB1F3E024600BCB9CF /* MobilePollUITests */ = {
			isa = PBXGroup;
			children = (
				B20525CC1F3E024600BCB9CF /* MobilePollUITests.swift */,
				B20525CE1F3E024600BCB9CF /* Info.plist */,
			);
			path = MobilePollUITests;
			sourceTree = "<group>";
		};
/* End PBXGroup section */

/* Begin PBXNativeTarget section */
		B20525A81F3E024600BCB9CF /* MobilePoll */ = {
			isa = PBXNativeTarget;
			buildConfigurationList = B20525D11F3E024600BCB9CF /* Build configuration list for PBXNativeTarget "MobilePoll" */;
			buildPhases = (
				B20525A51F3E024600BCB9CF /* Sources */,
				B20525A61F3E024600BCB9CF /* Frameworks */,
				B20525A71F3E024600BCB9CF /* Resources */,
			);
			buildRules = (
			);
			dependencies = (
			);
			name = MobilePoll;
			productName = MobilePoll;
			productReference = B20525A91F3E024600BCB9CF /* MobilePoll.app */;
			productType = "com.apple.product-type.application";
		};
		B20525BC1F3E024600BCB9CF /* MobilePollTests */ = {
			isa = PBXNativeTarget;
			buildConfigurationList = B20525D41F3E024600BCB9CF /* Build configuration list for PBXNativeTarget "MobilePollTests" */;
			buildPhases = (
				B20525B91F3E024600BCB9CF /* Sources */,
				B20525BA1F3E024600BCB9CF /* Frameworks */,
				B20525BB1F3E024600BCB9CF /* Resources */,
			);
			buildRules = (
			);
			dependencies = (
				B20525BF1F3E024600BCB9CF /* PBXTargetDependency */,
			);
			name = MobilePollTests;
			productName = MobilePollTests;
			productReference = B20525BD1F3E024600BCB9CF /* MobilePollTests.xctest */;
			productType = "com.apple.product-type.bundle.unit-test";
		};
		B20525C71F3E024600BCB9CF /* MobilePollUITests */ = {
			isa = PBXNativeTarget;
			buildConfigurationList = B20525D71F3E024600BCB9CF /* Build configuration list for PBXNativeTarget "MobilePollUITests" */;
			buildPhases = (
				B20525C41F3E024600BCB9CF /* Sources */,
				B20525C51F3E024600BCB9CF /* Frameworks */,
				B20525C61F3E024600BCB9CF /* Resources */,
			);
			buildRules = (
			);
			dependencies = (
				B20525CA1F3E024600BCB9CF /* PBXTargetDependency */,
			);
			name = MobilePollUITests;
			productName = MobilePollUITests;
			productReference = B20525C81F3E024600BCB9CF /* MobilePollUITests.xctest */;
			productType = "com.apple.product-type.bundle.ui-testing";
		};
/* End PBXNativeTarget section */

/* Begin PBXProject section */
		B20525A11F3E024600BCB9CF /* Project object */ = {
			isa = PBXProject;
			attributes = {
				LastSwiftUpdateCheck = 0830;
				LastUpgradeCheck = 0830;
				ORGANIZATIONNAME = "Anselmo Lira";
				TargetAttributes = {
					B20525A81F3E024600BCB9CF = {
						CreatedOnToolsVersion = 8.3.3;
						DevelopmentTeam = VZD589L89X;
						ProvisioningStyle = Automatic;
					};
					B20525BC1F3E024600BCB9CF = {
						CreatedOnToolsVersion = 8.3.3;
						DevelopmentTeam = VZD589L89X;
						ProvisioningStyle = Automatic;
						TestTargetID = B20525A81F3E024600BCB9CF;
					};
					B20525C71F3E024600BCB9CF = {
						CreatedOnToolsVersion = 8.3.3;
						DevelopmentTeam = VZD589L89X;
						ProvisioningStyle = Automatic;
						TestTargetID = B20525A81F3E024600BCB9CF;
					};
				};
			};
			buildConfigurationList = B20525A41F3E024600BCB9CF /* Build configuration list for PBXProject "MobilePoll" */;
			compatibilityVersion = "Xcode 3.2";
			developmentRegion = English;
			hasScannedForEncodings = 0;
			knownRegions = (
				en,
				Base,
			);
			mainGroup = B20525A01F3E024600BCB9CF;
			productRefGroup = B20525AA1F3E024600BCB9CF /* Products */;
			projectDirPath = "";
			projectRoot = "";
			targets = (
				B20525A81F3E024600BCB9CF /* MobilePoll */,
				B20525BC1F3E024600BCB9CF /* MobilePollTests */,
				B20525C71F3E024600BCB9CF /* MobilePollUITests */,
			);
		};
/* End PBXProject section */

/* Begin PBXResourcesBuildPhase section */
		B20525A71F3E024600BCB9CF /* Resources */ = {
			isa = PBXResourcesBuildPhase;
			buildActionMask = 2147483647;
			files = (
				B20525B71F3E024600BCB9CF /* LaunchScreen.storyboard in Resources */,
				B20525B41F3E024600BCB9CF /* Assets.xcassets in Resources */,
				B20525B21F3E024600BCB9CF /* Main.storyboard in Resources */,
			);
			runOnlyForDeploymentPostprocessing = 0;
		};
		B20525BB1F3E024600BCB9CF /* Resources */ = {
			isa = PBXResourcesBuildPhase;
			buildActionMask = 2147483647;
			files = (
			);
			runOnlyForDeploymentPostprocessing = 0;
		};
		B20525C61F3E024600BCB9CF /* Resources */ = {
			isa = PBXResourcesBuildPhase;
			buildActionMask = 2147483647;
			files = (
			);
			runOnlyForDeploymentPostprocessing = 0;
		};
/* End PBXResourcesBuildPhase section */

/* Begin PBXSourcesBuildPhase section */
		B20525A51F3E024600BCB9CF /* Sources */ = {
			isa = PBXSourcesBuildPhase;
			buildActionMask = 2147483647;
			files = (
				B20525AF1F3E024600BCB9CF /* ViewController.swift in Sources */,
				B20525AD1F3E024600BCB9CF /* AppDelegate.swift in Sources */,
			);
			runOnlyForDeploymentPostprocessing = 0;
		};
		B20525B91F3E024600BCB9CF /* Sources */ = {
			isa = PBXSourcesBuildPhase;
			buildActionMask = 2147483647;
			files = (
				B20525C21F3E024600BCB9CF /* MobilePollTests.swift in Sources */,
			);
			runOnlyForDeploymentPostprocessing = 0;
		};
		B20525C41F3E024600BCB9CF /* Sources */ = {
			isa = PBXSourcesBuildPhase;
			buildActionMask = 2147483647;
			files = (
				B20525CD1F3E024600BCB9CF /* MobilePollUITests.swift in Sources */,
			);
			runOnlyForDeploymentPostprocessing = 0;
		};
/* End PBXSourcesBuildPhase section */

/* Begin PBXTargetDependency section */
		B20525BF1F3E024600BCB9CF /* PBXTargetDependency */ = {
			isa = PBXTargetDependency;
			target = B20525A81F3E024600BCB9CF /* MobilePoll */;
			targetProxy = B20525BE1F3E024600BCB9CF /* PBXContainerItemProxy */;
		};
		B20525CA1F3E024600BCB9CF /* PBXTargetDependency */ = {
			isa = PBXTargetDependency;
			target = B20525A81F3E024600BCB9CF /* MobilePoll */;
			targetProxy = B20525C91F3E024600BCB9CF /* PBXContainerItemProxy */;
		};
/* End PBXTargetDependency section */

/* Begin PBXVariantGroup section */
		B20525B01F3E024600BCB9CF /* Main.storyboard */ = {
			isa = PBXVariantGroup;
			children = (
				B20525B11F3E024600BCB9CF /* Base */,
			);
			name = Main.storyboard;
			sourceTree = "<group>";
		};
		B20525B51F3E024600BCB9CF /* LaunchScreen.storyboard */ = {
			isa = PBXVariantGroup;
			children = (
				B20525B61F3E024600BCB9CF /* Base */,
			);
			name = LaunchScreen.storyboard;
			sourceTree = "<group>";
		};
/* End PBXVariantGroup section */

/* Begin XCBuildConfiguration section */
		B20525CF1F3E024600BCB9CF /* Debug */ = {
			isa = XCBuildConfiguration;
			buildSettings = {
				ALWAYS_SEARCH_USER_PATHS = NO;
				CLANG_ANALYZER_NONNULL = YES;
				CLANG_ANALYZER_NUMBER_OBJECT_CONVERSION = YES_AGGRESSIVE;
				CLANG_CXX_LANGUAGE_STANDARD = "gnu++0x";
				CLANG_CXX_LIBRARY = "libc++";
				CLANG_ENABLE_MODULES = YES;
				CLANG_ENABLE_OBJC_ARC = YES;
				CLANG_WARN_BOOL_CONVERSION = YES;
				CLANG_WARN_CONSTANT_CONVERSION = YES;
				CLANG_WARN_DIRECT_OBJC_ISA_USAGE = YES_ERROR;
				CLANG_WARN_DOCUMENTATION_COMMENTS = YES;
				CLANG_WARN_EMPTY_BODY = YES;
				CLANG_WARN_ENUM_CONVERSION = YES;
				CLANG_WARN_INFINITE_RECURSION = YES;
				CLANG_WARN_INT_CONVERSION = YES;
				CLANG_WARN_OBJC_ROOT_CLASS = YES_ERROR;
				CLANG_WARN_SUSPICIOUS_MOVE = YES;
				CLANG_WARN_UNREACHABLE_CODE = YES;
				CLANG_WARN__DUPLICATE_METHOD_MATCH = YES;
				"CODE_SIGN_IDENTITY[sdk=iphoneos*]" = "iPhone Developer";
				COPY_PHASE_STRIP = NO;
				DEBUG_INFORMATION_FORMAT = dwarf;
				ENABLE_STRICT_OBJC_MSGSEND = YES;
				ENABLE_TESTABILITY = YES;
				GCC_C_LANGUAGE_STANDARD = gnu99;
				GCC_DYNAMIC_NO_PIC = NO;
				GCC_NO_COMMON_BLOCKS = YES;
				GCC_OPTIMIZATION_LEVEL = 0;
				GCC_PREPROCESSOR_DEFINITIONS = (
					"DEBUG=1",
					"$(inherited)",
				);
				GCC_WARN_64_TO_32_BIT_CONVERSION = YES;
				GCC_WARN_ABOUT_RETURN_TYPE = YES_ERROR;
				GCC_WARN_UNDECLARED_SELECTOR = YES;
				GCC_WARN_UNINITIALIZED_AUTOS = YES_AGGRESSIVE;
				GCC_WARN_UNUSED_FUNCTION = YES;
				GCC_WARN_UNUSED_VARIABLE = YES;
				IPHONEOS_DEPLOYMENT_TARGET = 10.3;
				MTL_ENABLE_DEBUG_INFO = YES;
				ONLY_ACTIVE_ARCH = YES;
				SDKROOT = iphoneos;
				SWIFT_ACTIVE_COMPILATION_CONDITIONS = DEBUG;
				SWIFT_OPTIMIZATION_LEVEL = "-Onone";
				TARGETED_DEVICE_FAMILY = "1,2";
			};
			name = Debug;
		};
		B20525D01F3E024600BCB9CF /* Release */ = {
			isa = XCBuildConfiguration;
			buildSettings = {
				ALWAYS_SEARCH_USER_PATHS = NO;
				CLANG_ANALYZER_NONNULL = YES;
				CLANG_ANALYZER_NUMBER_OBJECT_CONVERSION = YES_AGGRESSIVE;
				CLANG_CXX_LANGUAGE_STANDARD = "gnu++0x";
				CLANG_CXX_LIBRARY = "libc++";
				CLANG_ENABLE_MODULES = YES;
				CLANG_ENABLE_OBJC_ARC = YES;
				CLANG_WARN_BOOL_CONVERSION = YES;
				CLANG_WARN_CONSTANT_CONVERSION = YES;
				CLANG_WARN_DIRECT_OBJC_ISA_USAGE = YES_ERROR;
				CLANG_WARN_DOCUMENTATION_COMMENTS = YES;
				CLANG_WARN_EMPTY_BODY = YES;
				CLANG_WARN_ENUM_CONVERSION = YES;
				CLANG_WARN_INFINITE_RECURSION = YES;
				CLANG_WARN_INT_CONVERSION = YES;
				CLANG_WARN_OBJC_ROOT_CLASS = YES_ERROR;
				CLANG_WARN_SUSPICIOUS_MOVE = YES;
				CLANG_WARN_UNREACHABLE_CODE = YES;
				CLANG_WARN__DUPLICATE_METHOD_MATCH = YES;
				"CODE_SIGN_IDENTITY[sdk=iphoneos*]" = "iPhone Developer";
				COPY_PHASE_STRIP = NO;
				DEBUG_INFORMATION_FORMAT = "dwarf-with-dsym";
				ENABLE_NS_ASSERTIONS = NO;
				ENABLE_STRICT_OBJC_MSGSEND = YES;
				GCC_C_LANGUAGE_STANDARD = gnu99;
				GCC_NO_COMMON_BLOCKS = YES;
				GCC_WARN_64_TO_32_BIT_CONVERSION = YES;
				GCC_WARN_ABOUT_RETURN_TYPE = YES_ERROR;
				GCC_WARN_UNDECLARED_SELECTOR = YES;
				GCC_WARN_UNINITIALIZED_AUTOS = YES_AGGRESSIVE;
				GCC_WARN_UNUSED_FUNCTION = YES;
				GCC_WARN_UNUSED_VARIABLE = YES;
				IPHONEOS_DEPLOYMENT_TARGET = 10.3;
				MTL_ENABLE_DEBUG_INFO = NO;
				SDKROOT = iphoneos;
				SWIFT_OPTIMIZATION_LEVEL = "-Owholemodule";
				TARGETED_DEVICE_FAMILY = "1,2";
				VALIDATE_PRODUCT = YES;
			};
			name = Release;
		};
		B20525D21F3E024600BCB9CF /* Debug */ = {
			isa = XCBuildConfiguration;
			buildSettings = {
				ASSETCATALOG_COMPILER_APPICON_NAME = AppIcon;
				DEVELOPMENT_TEAM = VZD589L89X;
				INFOPLIST_FILE = MobilePoll/Info.plist;
				LD_RUNPATH_SEARCH_PATHS = "$(inherited) @executable_path/Frameworks";
				PRODUCT_BUNDLE_IDENTIFIER = br.com.anselmolira.MobilePoll;
				PRODUCT_NAME = "$(TARGET_NAME)";
				SWIFT_VERSION = 3.0;
			};
			name = Debug;
		};
		B20525D31F3E024600BCB9CF /* Release */ = {
			isa = XCBuildConfiguration;
			buildSettings = {
				ASSETCATALOG_COMPILER_APPICON_NAME = AppIcon;
				DEVELOPMENT_TEAM = VZD589L89X;
				INFOPLIST_FILE = MobilePoll/Info.plist;
				LD_RUNPATH_SEARCH_PATHS = "$(inherited) @executable_path/Frameworks";
				PRODUCT_BUNDLE_IDENTIFIER = br.com.anselmolira.MobilePoll;
				PRODUCT_NAME = "$(TARGET_NAME)";
				SWIFT_VERSION = 3.0;
			};
			name = Release;
		};
		B20525D51F3E024600BCB9CF /* Debug */ = {
			isa = XCBuildConfiguration;
			buildSettings = {
				ALWAYS_EMBED_SWIFT_STANDARD_LIBRARIES = YES;
				BUNDLE_LOADER = "$(TEST_HOST)";
				DEVELOPMENT_TEAM = VZD589L89X;
				INFOPLIST_FILE = MobilePollTests/Info.plist;
				LD_RUNPATH_SEARCH_PATHS = "$(inherited) @executable_path/Frameworks @loader_path/Frameworks";
				PRODUCT_BUNDLE_IDENTIFIER = br.com.anselmolira.MobilePollTests;
				PRODUCT_NAME = "$(TARGET_NAME)";
				SWIFT_VERSION = 3.0;
				TEST_HOST = "$(BUILT_PRODUCTS_DIR)/MobilePoll.app/MobilePoll";
			};
			name = Debug;
		};
		B20525D61F3E024600BCB9CF /* Release */ = {
			isa = XCBuildConfiguration;
			buildSettings = {
				ALWAYS_EMBED_SWIFT_STANDARD_LIBRARIES = YES;
				BUNDLE_LOADER = "$(TEST_HOST)";
				DEVELOPMENT_TEAM = VZD589L89X;
				INFOPLIST_FILE = MobilePollTests/Info.plist;
				LD_RUNPATH_SEARCH_PATHS = "$(inherited) @executable_path/Frameworks @loader_path/Frameworks";
				PRODUCT_BUNDLE_IDENTIFIER = br.com.anselmolira.MobilePollTests;
				PRODUCT_NAME = "$(TARGET_NAME)";
				SWIFT_VERSION = 3.0;
				TEST_HOST = "$(BUILT_PRODUCTS_DIR)/MobilePoll.app/MobilePoll";
			};
			name = Release;
		};
		B20525D81F3E024600BCB9CF /* Debug */ = {
			isa = XCBuildConfiguration;
			buildSettings = {
				ALWAYS_EMBED_SWIFT_STANDARD_LIBRARIES = YES;
				DEVELOPMENT_TEAM = VZD589L89X;
				INFOPLIST_FILE = MobilePollUITests/Info.plist;
				LD_RUNPATH_SEARCH_PATHS = "$(inherited) @executable_path/Frameworks @loader_path/Frameworks";
				PRODUCT_BUNDLE_IDENTIFIER = br.com.anselmolira.MobilePollUITests;
				PRODUCT_NAME = "$(TARGET_NAME)";
				SWIFT_VERSION = 3.0;
				TEST_TARGET_NAME = MobilePoll;
			};
			name = Debug;
		};
		B20525D91F3E024600BCB9CF /* Release */ = {
			isa = XCBuildConfiguration;
			buildSettings = {
				ALWAYS_EMBED_SWIFT_STANDARD_LIBRARIES = YES;
				DEVELOPMENT_TEAM = VZD589L89X;
				INFOPLIST_FILE = MobilePollUITests/Info.plist;
				LD_RUNPATH_SEARCH_PATHS = "$(inherited) @executable_path/Frameworks @loader_path/Frameworks";
				PRODUCT_BUNDLE_IDENTIFIER = br.com.anselmolira.MobilePollUITests;
				PRODUCT_NAME = "$(TARGET_NAME)";
				SWIFT_VERSION = 3.0;
				TEST_TARGET_NAME = MobilePoll;
			};
			name = Release;
		};
/* End XCBuildConfiguration section */

/* Begin XCConfigurationList section */
		B20525A41F3E024600BCB9CF /* Build configuration list for PBXProject "MobilePoll" */ = {
			isa = XCConfigurationList;
			buildConfigurations = (
				B20525CF1F3E024600BCB9CF /* Debug */,
				B20525D01F3E024600BCB9CF /* Release */,
			);
			defaultConfigurationIsVisible = 0;
			defaultConfigurationName = Release;
		};
		B20525D11F3E024600BCB9CF /* Build configuration list for PBXNativeTarget "MobilePoll" */ = {
			isa = XCConfigurationList;
			buildConfigurations = (
				B20525D21F3E024600BCB9CF /* Debug */,
				B20525D31F3E024600BCB9CF /* Release */,
			);
			defaultConfigurationIsVisible = 0;
		};
		B20525D41F3E024600BCB9CF /* Build configuration list for PBXNativeTarget "MobilePollTests" */ = {
			isa = XCConfigurationList;
			buildConfigurations = (
				B20525D51F3E024600BCB9CF /* Debug */,
				B20525D61F3E024600BCB9CF /* Release */,
			);
			defaultConfigurationIsVisible = 0;
		};
		B20525D71F3E024600BCB9CF /* Build configuration list for PBXNativeTarget "MobilePollUITests" */ = {
			isa = XCConfigurationList;
			buildConfigurations = (
				B20525D81F3E024600BCB9CF /* Debug */,
				B20525D91F3E024600BCB9CF /* Release */,
			);
			defaultConfigurationIsVisible = 0;
		};
/* End XCConfigurationList section */
	};
	rootObject = B20525A11F3E024600BCB9CF /* Project object */;
}
